
Microsoft Visual Studio Solution File, Format Version 12.00
# Visual Studio Version 17
VisualStudioVersion = 17.14.36518.9
MinimumVisualStudioVersion = 10.0.40219.1
Project("{FAE04EC0-301F-11D3-BF4B-00C04F79EFBC}") = "ClientApp", "ClientApp\ClientApp.csproj", "{7F78C77E-41C7-44A9-964D-C7191C5FD0FF}"
EndProject
Project("{FAE04EC0-301F-11D3-BF4B-00C04F79EFBC}") = "ServerApp", "ServerApp\ServerApp.csproj", "{E9C82989-B495-4AD3-8522-9B7B60F97168}"
EndProject
Global
	GlobalSection(SolutionConfigurationPlatforms) = preSolution
		Debug|Any CPU = Debug|Any CPU
		Release|Any CPU = Release|Any CPU
	EndGlobalSection
	GlobalSection(ProjectConfigurationPlatforms) = postSolution
		{7F78C77E-41C7-44A9-964D-C7191C5FD0FF}.Debug|Any CPU.ActiveCfg = Debug|Any CPU
		{7F78C77E-41C7-44A9-964D-C7191C5FD0FF}.Debug|Any CPU.Build.0 = Debug|Any CPU
		{7F78C77E-41C7-44A9-964D-C7191C5FD0FF}.Release|Any CPU.ActiveCfg = Release|Any CPU
		{7F78C77E-41C7-44A9-964D-C7191C5FD0FF}.Release|Any CPU.Build.0 = Release|Any CPU
		{E9C82989-B495-4AD3-8522-9B7B60F97168}.Debug|Any CPU.ActiveCfg = Debug|Any CPU
		{E9C82989-B495-4AD3-8522-9B7B60F97168}.Debug|Any CPU.Build.0 = Debug|Any CPU
		{E9C82989-B495-4AD3-8522-9B7B60F97168}.Release|Any CPU.ActiveCfg = Release|Any CPU
		{E9C82989-B495-4AD3-8522-9B7B60F97168}.Release|Any CPU.Build.0 = Release|Any CPU
	EndGlobalSection
	GlobalSection(SolutionProperties) = preSolution
		HideSolutionNode = FALSE
	EndGlobalSection
	GlobalSection(ExtensibilityGlobals) = postSolution
		SolutionGuid = {EFCF986C-F385-4B65-AE0C-0E084581C0EB}
	EndGlobalSection
EndGlobal
